{
  "object": {
    "pins": [
      {
        "package": "BigInt",
        "repositoryURL": "https://github.com/attaswift/BigInt.git",
        "state": {
          "branch": null,
          "revision": "0ed110f7555c34ff468e72e1686e59721f2b0da6",
          "version": "5.3.0"
        }
      },
      {
        "package": "CryptoSwift",
        "repositoryURL": "https://github.com/krzyzanowskim/CryptoSwift.git",
        "state": {
          "branch": null,
          "revision": "039f56c5d7960f277087a0be51f5eb04ed0ec073",
          "version": "1.5.1"
        }
      },
      {
        "package": "PromiseKit",
        "repositoryURL": "https://github.com/mxcl/PromiseKit.git",
        "state": {
          "branch": null,
          "revision": "c946b7561fbe11379a874e59faa2c5f8077ae0e1",
          "version": "6.17.1"
        }
      },
      {
        "package": "secp256k1",
        "repositoryURL": "https://github.com/Boilertalk/secp256k1.swift.git",
        "state": {
          "branch": null,
          "revision": "45e458ec3be46cf0a6eb68bc947f797852dc65d8",
          "version": "0.1.6"
        }
      },
      {
        "package": "MagicSDK-Web3",
        "repositoryURL": "https://github.com/magiclabs/Web3.swift.git",
        "state": {
          "branch": null,
          "revision": "6e99e72c53f2b47f2f01f991aad2504f0f55b433",
          "version": "1.1.0"
        }
      }
    ]
  },
  "version": 1
}
